
Microsoft Visual Studio Solution File, Format Version 12.00
# Visual Studio Version 17
VisualStudioVersion = 17.4.33213.308
MinimumVisualStudioVersion = 10.0.40219.1
Project("{FAE04EC0-301F-11D3-BF4B-00C04F79EFBC}") = "Tic-Tac-Toe", "Tic-Tac-Toe\Tic-Tac-Toe.csproj", "{02BA7F3D-BD93-442E-943B-01E2C5C02BFF}"
EndProject
Global
	GlobalSection(SolutionConfigurationPlatforms) = preSolution
		Debug|Any CPU = Debug|Any CPU
		Release|Any CPU = Release|Any CPU
	EndGlobalSection
	GlobalSection(ProjectConfigurationPlatforms) = postSolution
		{02BA7F3D-BD93-442E-943B-01E2C5C02BFF}.Debug|Any CPU.ActiveCfg = Debug|Any CPU
		{02BA7F3D-BD93-442E-943B-01E2C5C02BFF}.Debug|Any CPU.Build.0 = Debug|Any CPU
		{02BA7F3D-BD93-442E-943B-01E2C5C02BFF}.Release|Any CPU.ActiveCfg = Release|Any CPU
		{02BA7F3D-BD93-442E-943B-01E2C5C02BFF}.Release|Any CPU.Build.0 = Release|Any CPU
	EndGlobalSection
	GlobalSection(SolutionProperties) = preSolution
		HideSolutionNode = FALSE
	EndGlobalSection
	GlobalSection(ExtensibilityGlobals) = postSolution
		SolutionGuid = {792C9D96-0A65-451F-BA77-C8338B48EFAA}
	EndGlobalSection
EndGlobal
